
Microsoft Visual Studio Solution File, Format Version 12.00
# Visual Studio Version 17
VisualStudioVersion = 17.6.33723.286
MinimumVisualStudioVersion = 10.0.40219.1
Project("{FAE04EC0-301F-11D3-BF4B-00C04F79EFBC}") = "ChallangeApp", "ChallangeApp\ChallangeApp.csproj", "{0FD40369-9A57-4554-BCB7-767A3C10BC00}"
EndProject
Global
	GlobalSection(SolutionConfigurationPlatforms) = preSolution
		Debug|Any CPU = Debug|Any CPU
		Release|Any CPU = Release|Any CPU
	EndGlobalSection
	GlobalSection(ProjectConfigurationPlatforms) = postSolution
		{0FD40369-9A57-4554-BCB7-767A3C10BC00}.Debug|Any CPU.ActiveCfg = Debug|Any CPU
		{0FD40369-9A57-4554-BCB7-767A3C10BC00}.Debug|Any CPU.Build.0 = Debug|Any CPU
		{0FD40369-9A57-4554-BCB7-767A3C10BC00}.Release|Any CPU.ActiveCfg = Release|Any CPU
		{0FD40369-9A57-4554-BCB7-767A3C10BC00}.Release|Any CPU.Build.0 = Release|Any CPU
	EndGlobalSection
	GlobalSection(SolutionProperties) = preSolution
		HideSolutionNode = FALSE
	EndGlobalSection
	GlobalSection(ExtensibilityGlobals) = postSolution
		SolutionGuid = {A76CDBA9-7B56-4617-8796-C322E3F53C26}
	EndGlobalSection
EndGlobal
